// !$*UTF8*$!
{
	archiveVersion = 1;
	classes = {
	};
	objectVersion = 77;
	objects = {

/* Begin PBXBuildFile section */
		8515BF7A2FEBE3320027CDFF /* SQLite in Frameworks */ = {isa = PBXBuildFile; productRef = 8515BF792FEBE3320027CDFF /* SQLite */; };
/* End PBXBuildFile section */

/* Begin PBXContainerItemProxy section */
		8586C0D02FBF6F9B00E659BE /* PBXContainerItemProxy */ = {
			isa = PBXContainerItemProxy;
			containerPortal = 8586C0B52FBF6F9900E659BE /* Project object */;
			proxyType = 1;
			remoteGlobalIDString = 8586C0BC2FBF6F9900E659BE;
			remoteInfo = shutoku;
		};
		8586C0DA2FBF6F9B00E659BE /* PBXContainerItemProxy */ = {
			isa = PBXContainerItemProxy;
			containerPortal = 8586C0B52FBF6F9900E659BE /* Project object */;
			proxyType = 1;
			remoteGlobalIDString = 8586C0BC2FBF6F9900E659BE;
			remoteInfo = shutoku;
		};
/* End PBXContainerItemProxy section */

/* Begin PBXFileReference section */
		8586C0BD2FBF6F9900E659BE /* shutoku.app */ = {isa = PBXFileReference; explicitFileType = wrapper.application; includeInIndex = 0; path = shutoku.app; sourceTree = BUILT_PRODUCTS_DIR; };
		8586C0CF2FBF6F9B00E659BE /* shutokuTests.xctest */ = {isa = PBXFileReference; explicitFileType = wrapper.cfbundle; includeInIndex = 0; path = shutokuTests.xctest; sourceTree = BUILT_PRODUCTS_DIR; };
		8586C0D92FBF6F9B00E659BE /* shutokuUITests.xctest */ = {isa = PBXFileReference; explicitFileType = wrapper.cfbundle; includeInIndex = 0; path = shutokuUITests.xctest; sourceTree = BUILT_PRODUCTS_DIR; };
/* End PBXFileReference section */

/* Begin PBXFileSystemSynchronizedBuildFileExceptionSet section */
		85C6890E2FC06394008A97C2 /* Exceptions for "shutoku" folder in "shutoku" target */ = {
			isa = PBXFileSystemSynchronizedBuildFileExceptionSet;
			membershipExceptions = (
				shutokuTests/shutokuTests.swift,
				shutokuUITests/shutokuUITests.swift,
				shutokuUITests/shutokuUITestsLaunchTests.swift,
			);
			target = 8586C0BC2FBF6F9900E659BE /* shutoku */;
		};
		85C6890F2FC06394008A97C2 /* Exceptions for "shutoku" folder in "shutokuTests" target */ = {
			isa = PBXFileSystemSynchronizedBuildFileExceptionSet;
			membershipExceptions = (
				shutokuTests/shutokuTests.swift,
			);
			target = 8586C0CE2FBF6F9B00E659BE /* shutokuTests */;
		};
		85C689102FC06394008A97C2 /* Exceptions for "shutoku" folder in "shutokuUITests" target */ = {
			isa = PBXFileSystemSynchronizedBuildFileExceptionSet;
			membershipExceptions = (
				shutokuUITests/shutokuUITests.swift,
				shutokuUITests/shutokuUITestsLaunchTests.swift,
			);
			target = 8586C0D82FBF6F9B00E659BE /* shutokuUITests */;
		};
/* End PBXFileSystemSynchronizedBuildFileExceptionSet section */

/* Begin PBXFileSystemSynchronizedRootGroup section */
		8586C0BF2FBF6F9900E659BE /* shutoku */ = {
			isa = PBXFileSystemSynchronizedRootGroup;
			exceptions = (
				85C6890E2FC06394008A97C2 /* Exceptions for "shutoku" folder in "shutoku" target */,
				85C6890F2FC06394008A97C2 /* Exceptions for "shutoku" folder in "shutokuTests" target */,
				85C689102FC06394008A97C2 /* Exceptions for "shutoku" folder in "shutokuUITests" target */,
			);
			path = shutoku;
			sourceTree = "<group>";
		};
/* End PBXFileSystemSynchronizedRootGroup section */

/* Begin PBXFrameworksBuildPhase section */
		8586C0BA2FBF6F9900E659BE /* Frameworks */ = {
			isa = PBXFrameworksBuildPhase;
			buildActionMask = 2147483647;
			files = (
				8515BF7A2FEBE3320027CDFF /* SQLite in Frameworks */,
			);
			runOnlyForDeploymentPostprocessing = 0;
		};
		8586C0CC2FBF6F9B00E659BE /* Frameworks */ = {
			isa = PBXFrameworksBuildPhase;
			buildActionMask = 2147483647;
			files = (
			);
			runOnlyForDeploymentPostprocessing = 0;
		};
		8586C0D62FBF6F9B00E659BE /* Frameworks */ = {
			isa = PBXFrameworksBuildPhase;
			buildActionMask = 2147483647;
			files = (
			);
			runOnlyForDeploymentPostprocessing = 0;
		};
/* End PBXFrameworksBuildPhase section */

/* Begin PBXGroup section */
		8515BF782FEBE3320027CDFF /* Frameworks */ = {
			isa = PBXGroup;
			children = (
			);
			name = Frameworks;
			sourceTree = "<group>";
		};
		8586C0B42FBF6F9900E659BE = {
			isa = PBXGroup;
			children = (
				8586C0BF2FBF6F9900E659BE /* shutoku */,
				8515BF782FEBE3320027CDFF /* Frameworks */,
				8586C0BE2FBF6F9900E659BE /* Products */,
			);
			sourceTree = "<group>";
		};
		8586C0BE2FBF6F9900E659BE /* Products */ = {
			isa = PBXGroup;
			children = (
				8586C0BD2FBF6F9900E659BE /* shutoku.app */,
				8586C0CF2FBF6F9B00E659BE /* shutokuTests.xctest */,
				8586C0D92FBF6F9B00E659BE /* shutokuUITests.xctest */,
			);
			name = Products;
			sourceTree = "<group>";
		};
/* End PBXGroup section */

/* Begin PBXNativeTarget section */
		8586C0BC2FBF6F9900E659BE /* shutoku */ = {
			isa = PBXNativeTarget;
			buildConfigurationList = 8586C0E32FBF6F9C00E659BE /* Build configuration list for PBXNativeTarget "shutoku" */;
			buildPhases = (
				8586C0B92FBF6F9900E659BE /* Sources */,
				8586C0BA2FBF6F9900E659BE /* Frameworks */,
				8586C0BB2FBF6F9900E659BE /* Resources */,
			);
			buildRules = (
			);
			dependencies = (
			);
			fileSystemSynchronizedGroups = (
				8586C0BF2FBF6F9900E659BE /* shutoku */,
			);
			name = shutoku;
			packageProductDependencies = (
				8515BF792FEBE3320027CDFF /* SQLite */,
			);
			productName = shutoku;
			productReference = 8586C0BD2FBF6F9900E659BE /* shutoku.app */;
			productType = "com.apple.product-type.application";
		};
		8586C0CE2FBF6F9B00E659BE /* shutokuTests */ = {
			isa = PBXNativeTarget;
			buildConfigurationList = 8586C0E62FBF6F9C00E659BE /* Build configuration list for PBXNativeTarget "shutokuTests" */;
			buildPhases = (
				8586C0CB2FBF6F9B00E659BE /* Sources */,
				8586C0CC2FBF6F9B00E659BE /* Frameworks */,
				8586C0CD2FBF6F9B00E659BE /* Resources */,
			);
			buildRules = (
			);
			dependencies = (
				8586C0D12FBF6F9B00E659BE /* PBXTargetDependency */,
			);
			name = shutokuTests;
			packageProductDependencies = (
			);
			productName = shutokuTests;
			productReference = 8586C0CF2FBF6F9B00E659BE /* shutokuTests.xctest */;
			productType = "com.apple.product-type.bundle.unit-test";
		};
		8586C0D82FBF6F9B00E659BE /* shutokuUITests */ = {
			isa = PBXNativeTarget;
			buildConfigurationList = 8586C0E92FBF6F9C00E659BE /* Build configuration list for PBXNativeTarget "shutokuUITests" */;
			buildPhases = (
				8586C0D52FBF6F9B00E659BE /* Sources */,
				8586C0D62FBF6F9B00E659BE /* Frameworks */,
				8586C0D72FBF6F9B00E659BE /* Resources */,
			);
			buildRules = (
			);
			dependencies = (
				8586C0DB2FBF6F9B00E659BE /* PBXTargetDependency */,
			);
			name = shutokuUITests;
			packageProductDependencies = (
			);
			productName = shutokuUITests;
			productReference = 8586C0D92FBF6F9B00E659BE /* shutokuUITests.xctest */;
			productType = "com.apple.product-type.bundle.ui-testing";
		};
/* End PBXNativeTarget section */

/* Begin PBXProject section */
		8586C0B52FBF6F9900E659BE /* Project object */ = {
			isa = PBXProject;
			attributes = {
				BuildIndependentTargetsInParallel = 1;
				LastSwiftUpdateCheck = 1600;
				LastUpgradeCheck = 1600;
				TargetAttributes = {
					8586C0BC2FBF6F9900E659BE = {
						CreatedOnToolsVersion = 16.0;
					};
					8586C0CE2FBF6F9B00E659BE = {
						CreatedOnToolsVersion = 16.0;
						TestTargetID = 8586C0BC2FBF6F9900E659BE;
					};
					8586C0D82FBF6F9B00E659BE = {
						CreatedOnToolsVersion = 16.0;
						TestTargetID = 8586C0BC2FBF6F9900E659BE;
					};
				};
			};
			buildConfigurationList = 8586C0B82FBF6F9900E659BE /* Build configuration list for PBXProject "shutoku" */;
			developmentRegion = en;
			hasScannedForEncodings = 0;
			knownRegions = (
				en,
				Base,
			);
			mainGroup = 8586C0B42FBF6F9900E659BE;
			minimizedProjectReferenceProxies = 1;
			packageReferences = (
				8515BF772FEBE2B20027CDFF /* XCRemoteSwiftPackageReference "SQLite" */,
			);
			preferredProjectObjectVersion = 77;
			productRefGroup = 8586C0BE2FBF6F9900E659BE /* Products */;
			projectDirPath = "";
			projectRoot = "";
			targets = (
				8586C0BC2FBF6F9900E659BE /* shutoku */,
				8586C0CE2FBF6F9B00E659BE /* shutokuTests */,
				8586C0D82FBF6F9B00E659BE /* shutokuUITests */,
			);
		};
/* End PBXProject section */

/* Begin PBXResourcesBuildPhase section */
		8586C0BB2FBF6F9900E659BE /* Resources */ = {
			isa = PBXResourcesBuildPhase;
			buildActionMask = 2147483647;
			files = (
			);
			runOnlyForDeploymentPostprocessing = 0;
		};
		8586C0CD2FBF6F9B00E659BE /* Resources */ = {
			isa = PBXResourcesBuildPhase;
			buildActionMask = 2147483647;
			files = (
			);
			runOnlyForDeploymentPostprocessing = 0;
		};
		8586C0D72FBF6F9B00E659BE /* Resources */ = {
			isa = PBXResourcesBuildPhase;
			buildActionMask = 2147483647;
			files = (
			);
			runOnlyForDeploymentPostprocessing = 0;
		};
/* End PBXResourcesBuildPhase section */

/* Begin PBXSourcesBuildPhase section */
		8586C0B92FBF6F9900E659BE /* Sources */ = {
			isa = PBXSourcesBuildPhase;
			buildActionMask = 2147483647;
			files = (
			);
			runOnlyForDeploymentPostprocessing = 0;
		};
		8586C0CB2FBF6F9B00E659BE /* Sources */ = {
			isa = PBXSourcesBuildPhase;
			buildActionMask = 2147483647;
			files = (
			);
			runOnlyForDeploymentPostprocessing = 0;
		};
		8586C0D52FBF6F9B00E659BE /* Sources */ = {
			isa = PBXSourcesBuildPhase;
			buildActionMask = 2147483647;
			files = (
			);
			runOnlyForDeploymentPostprocessing = 0;
		};
/* End PBXSourcesBuildPhase section */

/* Begin PBXTargetDependency section */
		8586C0D12FBF6F9B00E659BE /* PBXTargetDependency */ = {
			isa = PBXTargetDependency;
			target = 8586C0BC2FBF6F9900E659BE /* shutoku */;
			targetProxy = 8586C0D02FBF6F9B00E659BE /* PBXContainerItemProxy */;
		};
		8586C0DB2FBF6F9B00E659BE /* PBXTargetDependency */ = {
			isa = PBXTargetDependency;
			target = 8586C0BC2FBF6F9900E659BE /* shutoku */;
			targetProxy = 8586C0DA2FBF6F9B00E659BE /* PBXContainerItemProxy */;
		};
/* End PBXTargetDependency section */

/* Begin XCBuildConfiguration section */
		8586C0E12FBF6F9B00E659BE /* Debug */ = {
			isa = XCBuildConfiguration;
			buildSettings = {
				ALWAYS_SEARCH_USER_PATHS = NO;
				ASSETCATALOG_COMPILER_GENERATE_SWIFT_ASSET_SYMBOL_EXTENSIONS = YES;
				CLANG_ANALYZER_NONNULL = YES;
				CLANG_ANALYZER_NUMBER_OBJECT_CONVERSION = YES_AGGRESSIVE;
				CLANG_CXX_LANGUAGE_STANDARD = "gnu++20";
				CLANG_ENABLE_MODULES = YES;
				CLANG_ENABLE_OBJC_ARC = YES;
				CLANG_ENABLE_OBJC_WEAK = YES;
				CLANG_WARN_BLOCK_CAPTURE_AUTORELEASING = YES;
				CLANG_WARN_BOOL_CONVERSION = YES;
				CLANG_WARN_COMMA = YES;
				CLANG_WARN_CONSTANT_CONVERSION = YES;
				CLANG_WARN_DEPRECATED_OBJC_IMPLEMENTATIONS = YES;
				CLANG_WARN_DIRECT_OBJC_ISA_USAGE = YES_ERROR;
				CLANG_WARN_DOCUMENTATION_COMMENTS = YES;
				CLANG_WARN_EMPTY_BODY = YES;
				CLANG_WARN_ENUM_CONVERSION = YES;
				CLANG_WARN_INFINITE_RECURSION = YES;
				CLANG_WARN_INT_CONVERSION = YES;
				CLANG_WARN_NON_LITERAL_NULL_CONVERSION = YES;
				CLANG_WARN_OBJC_IMPLICIT_RETAIN_SELF = YES;
				CLANG_WARN_OBJC_LITERAL_CONVERSION = YES;
				CLANG_WARN_OBJC_ROOT_CLASS = YES_ERROR;
				CLANG_WARN_QUOTED_INCLUDE_IN_FRAMEWORK_HEADER = YES;
				CLANG_WARN_RANGE_LOOP_ANALYSIS = YES;
				CLANG_WARN_STRICT_PROTOTYPES = YES;
				CLANG_WARN_SUSPICIOUS_MOVE = YES;
				CLANG_WARN_UNGUARDED_AVAILABILITY = YES_AGGRESSIVE;
				CLANG_WARN_UNREACHABLE_CODE = YES;
				CLANG_WARN__DUPLICATE_METHOD_MATCH = YES;
				COPY_PHASE_STRIP = NO;
				DEBUG_INFORMATION_FORMAT = dwarf;
				ENABLE_STRICT_OBJC_MSGSEND = YES;
				ENABLE_TESTABILITY = YES;
				ENABLE_USER_SCRIPT_SANDBOXING = YES;
				GCC_C_LANGUAGE_STANDARD = gnu17;
				GCC_DYNAMIC_NO_PIC = NO;
				GCC_NO_COMMON_BLOCKS = YES;
				GCC_OPTIMIZATION_LEVEL = 0;
				GCC_PREPROCESSOR_DEFINITIONS = (
					"DEBUG=1",
					"$(inherited)",
				);
				GCC_WARN_64_TO_32_BIT_CONVERSION = YES;
				GCC_WARN_ABOUT_RETURN_TYPE = YES_ERROR;
				GCC_WARN_UNDECLARED_SELECTOR = YES;
				GCC_WARN_UNINITIALIZED_AUTOS = YES_AGGRESSIVE;
				GCC_WARN_UNUSED_FUNCTION = YES;
				GCC_WARN_UNUSED_VARIABLE = YES;
				IPHONEOS_DEPLOYMENT_TARGET = 18.0;
				LOCALIZATION_PREFERS_STRING_CATALOGS = YES;
				MTL_ENABLE_DEBUG_INFO = INCLUDE_SOURCE;
				MTL_FAST_MATH = YES;
				ONLY_ACTIVE_ARCH = YES;
				SDKROOT = iphoneos;
				SWIFT_ACTIVE_COMPILATION_CONDITIONS = "DEBUG $(inherited)";
				SWIFT_OPTIMIZATION_LEVEL = "-Onone";
			};
			name = Debug;
		};
		8586C0E22FBF6F9B00E659BE /* Release */ = {
			isa = XCBuildConfiguration;
			buildSettings = {
				ALWAYS_SEARCH_USER_PATHS = NO;
				ASSETCATALOG_COMPILER_GENERATE_SWIFT_ASSET_SYMBOL_EXTENSIONS = YES;
				CLANG_ANALYZER_NONNULL = YES;
				CLANG_ANALYZER_NUMBER_OBJECT_CONVERSION = YES_AGGRESSIVE;
				CLANG_CXX_LANGUAGE_STANDARD = "gnu++20";
				CLANG_ENABLE_MODULES = YES;
				CLANG_ENABLE_OBJC_ARC = YES;
				CLANG_ENABLE_OBJC_WEAK = YES;
				CLANG_WARN_BLOCK_CAPTURE_AUTORELEASING = YES;
				CLANG_WARN_BOOL_CONVERSION = YES;
				CLANG_WARN_COMMA = YES;
				CLANG_WARN_CONSTANT_CONVERSION = YES;
				CLANG_WARN_DEPRECATED_OBJC_IMPLEMENTATIONS = YES;
				CLANG_WARN_DIRECT_OBJC_ISA_USAGE = YES_ERROR;
				CLANG_WARN_DOCUMENTATION_COMMENTS = YES;
				CLANG_WARN_EMPTY_BODY = YES;
				CLANG_WARN_ENUM_CONVERSION = YES;
				CLANG_WARN_INFINITE_RECURSION = YES;
				CLANG_WARN_INT_CONVERSION = YES;
				CLANG_WARN_NON_LITERAL_NULL_CONVERSION = YES;
				CLANG_WARN_OBJC_IMPLICIT_RETAIN_SELF = YES;
				CLANG_WARN_OBJC_LITERAL_CONVERSION = YES;
				CLANG_WARN_OBJC_ROOT_CLASS = YES_ERROR;
				CLANG_WARN_QUOTED_INCLUDE_IN_FRAMEWORK_HEADER = YES;
				CLANG_WARN_RANGE_LOOP_ANALYSIS = YES;
				CLANG_WARN_STRICT_PROTOTYPES = YES;
				CLANG_WARN_SUSPICIOUS_MOVE = YES;
				CLANG_WARN_UNGUARDED_AVAILABILITY = YES_AGGRESSIVE;
				CLANG_WARN_UNREACHABLE_CODE = YES;
				CLANG_WARN__DUPLICATE_METHOD_MATCH = YES;
				COPY_PHASE_STRIP = NO;
				DEBUG_INFORMATION_FORMAT = "dwarf-with-dsym";
				ENABLE_NS_ASSERTIONS = NO;
				ENABLE_STRICT_OBJC_MSGSEND = YES;
				ENABLE_USER_SCRIPT_SANDBOXING = YES;
				GCC_C_LANGUAGE_STANDARD = gnu17;
				GCC_NO_COMMON_BLOCKS = YES;
				GCC_WARN_64_TO_32_BIT_CONVERSION = YES;
				GCC_WARN_ABOUT_RETURN_TYPE = YES_ERROR;
				GCC_WARN_UNDECLARED_SELECTOR = YES;
				GCC_WARN_UNINITIALIZED_AUTOS = YES_AGGRESSIVE;
				GCC_WARN_UNUSED_FUNCTION = YES;
				GCC_WARN_UNUSED_VARIABLE = YES;
				IPHONEOS_DEPLOYMENT_TARGET = 18.0;
				LOCALIZATION_PREFERS_STRING_CATALOGS = YES;
				MTL_ENABLE_DEBUG_INFO = NO;
				MTL_FAST_MATH = YES;
				SDKROOT = iphoneos;
				SWIFT_COMPILATION_MODE = wholemodule;
				VALIDATE_PRODUCT = YES;
			};
			name = Release;
		};
		8586C0E42FBF6F9C00E659BE /* Debug */ = {
			isa = XCBuildConfiguration;
			buildSettings = {
				ASSETCATALOG_COMPILER_APPICON_NAME = AppIcon;
				ASSETCATALOG_COMPILER_GLOBAL_ACCENT_COLOR_NAME = AccentColor;
				CODE_SIGN_STYLE = Automatic;
				CURRENT_PROJECT_VERSION = 1;
				DEVELOPMENT_ASSET_PATHS = "\"shutoku/Preview Content\"";
				DEVELOPMENT_TEAM = 92G94S66BJ;
				ENABLE_PREVIEWS = YES;
				GENERATE_INFOPLIST_FILE = YES;
				INFOPLIST_KEY_CFBundleDisplayName = Shutoku;
				INFOPLIST_KEY_UIApplicationSceneManifest_Generation = YES;
				INFOPLIST_KEY_UIApplicationSupportsIndirectInputEvents = YES;
				INFOPLIST_KEY_UILaunchScreen_Generation = YES;
				INFOPLIST_KEY_UISupportedInterfaceOrientations_iPad = "UIInterfaceOrientationPortrait UIInterfaceOrientationPortraitUpsideDown UIInterfaceOrientationLandscapeLeft UIInterfaceOrientationLandscapeRight";
				INFOPLIST_KEY_UISupportedInterfaceOrientations_iPhone = "UIInterfaceOrientationPortrait UIInterfaceOrientationLandscapeLeft UIInterfaceOrientationLandscapeRight";
				LD_RUNPATH_SEARCH_PATHS = (
					"$(inherited)",
					"@executable_path/Frameworks",
				);
				MARKETING_VERSION = 1.0;
				PRODUCT_BUNDLE_IDENTIFIER = com.systemsatlasproject.shutoku;
				PRODUCT_NAME = "$(TARGET_NAME)";
				SWIFT_EMIT_LOC_STRINGS = YES;
				SWIFT_VERSION = 5.0;
				TARGETED_DEVICE_FAMILY = "1,2";
			};
			name = Debug;
		};
		8586C0E52FBF6F9C00E659BE /* Release */ = {
			isa = XCBuildConfiguration;
			buildSettings = {
				ASSETCATALOG_COMPILER_APPICON_NAME = AppIcon;
				ASSETCATALOG_COMPILER_GLOBAL_ACCENT_COLOR_NAME = AccentColor;
				CODE_SIGN_STYLE = Automatic;
				CURRENT_PROJECT_VERSION = 1;
				DEVELOPMENT_ASSET_PATHS = "\"shutoku/Preview Content\"";
				DEVELOPMENT_TEAM = 92G94S66BJ;
				ENABLE_PREVIEWS = YES;
				GENERATE_INFOPLIST_FILE = YES;
				INFOPLIST_KEY_CFBundleDisplayName = Shutoku;
				INFOPLIST_KEY_UIApplicationSceneManifest_Generation = YES;
				INFOPLIST_KEY_UIApplicationSupportsIndirectInputEvents = YES;
				INFOPLIST_KEY_UILaunchScreen_Generation = YES;
				INFOPLIST_KEY_UISupportedInterfaceOrientations_iPad = "UIInterfaceOrientationPortrait UIInterfaceOrientationPortraitUpsideDown UIInterfaceOrientationLandscapeLeft UIInterfaceOrientationLandscapeRight";
				INFOPLIST_KEY_UISupportedInterfaceOrientations_iPhone = "UIInterfaceOrientationPortrait UIInterfaceOrientationLandscapeLeft UIInterfaceOrientationLandscapeRight";
				LD_RUNPATH_SEARCH_PATHS = (
					"$(inherited)",
					"@executable_path/Frameworks",
				);
				MARKETING_VERSION = 1.0;
				PRODUCT_BUNDLE_IDENTIFIER = com.systemsatlasproject.shutoku;
				PRODUCT_NAME = "$(TARGET_NAME)";
				SWIFT_EMIT_LOC_STRINGS = YES;
				SWIFT_VERSION = 5.0;
				TARGETED_DEVICE_FAMILY = "1,2";
			};
			name = Release;
		};
		8586C0E72FBF6F9C00E659BE /* Debug */ = {
			isa = XCBuildConfiguration;
			buildSettings = {
				BUNDLE_LOADER = "$(TEST_HOST)";
				CODE_SIGN_STYLE = Automatic;
				CURRENT_PROJECT_VERSION = 1;
				GENERATE_INFOPLIST_FILE = YES;
				IPHONEOS_DEPLOYMENT_TARGET = 18.0;
				MARKETING_VERSION = 1.0;
				PRODUCT_BUNDLE_IDENTIFIER = systemsatlasproject.shutokuTests;
				PRODUCT_NAME = "$(TARGET_NAME)";
				SWIFT_EMIT_LOC_STRINGS = NO;
				SWIFT_VERSION = 5.0;
				TARGETED_DEVICE_FAMILY = "1,2";
				TEST_HOST = "$(BUILT_PRODUCTS_DIR)/shutoku.app/$(BUNDLE_EXECUTABLE_FOLDER_PATH)/shutoku";
			};
			name = Debug;
		};
		8586C0E82FBF6F9C00E659BE /* Release */ = {
			isa = XCBuildConfiguration;
			buildSettings = {
				BUNDLE_LOADER = "$(TEST_HOST)";
				CODE_SIGN_STYLE = Automatic;
				CURRENT_PROJECT_VERSION = 1;
				GENERATE_INFOPLIST_FILE = YES;
				IPHONEOS_DEPLOYMENT_TARGET = 18.0;
				MARKETING_VERSION = 1.0;
				PRODUCT_BUNDLE_IDENTIFIER = systemsatlasproject.shutokuTests;
				PRODUCT_NAME = "$(TARGET_NAME)";
				SWIFT_EMIT_LOC_STRINGS = NO;
				SWIFT_VERSION = 5.0;
				TARGETED_DEVICE_FAMILY = "1,2";
				TEST_HOST = "$(BUILT_PRODUCTS_DIR)/shutoku.app/$(BUNDLE_EXECUTABLE_FOLDER_PATH)/shutoku";
			};
			name = Release;
		};
		8586C0EA2FBF6F9C00E659BE /* Debug */ = {
			isa = XCBuildConfiguration;
			buildSettings = {
				CODE_SIGN_STYLE = Automatic;
				CURRENT_PROJECT_VERSION = 1;
				GENERATE_INFOPLIST_FILE = YES;
				MARKETING_VERSION = 1.0;
				PRODUCT_BUNDLE_IDENTIFIER = systemsatlasproject.shutokuUITests;
				PRODUCT_NAME = "$(TARGET_NAME)";
				SWIFT_EMIT_LOC_STRINGS = NO;
				SWIFT_VERSION = 5.0;
				TARGETED_DEVICE_FAMILY = "1,2";
				TEST_TARGET_NAME = shutoku;
			};
			name = Debug;
		};
		8586C0EB2FBF6F9C00E659BE /* Release */ = {
			isa = XCBuildConfiguration;
			buildSettings = {
				CODE_SIGN_STYLE = Automatic;
				CURRENT_PROJECT_VERSION = 1;
				GENERATE_INFOPLIST_FILE = YES;
				MARKETING_VERSION = 1.0;
				PRODUCT_BUNDLE_IDENTIFIER = systemsatlasproject.shutokuUITests;
				PRODUCT_NAME = "$(TARGET_NAME)";
				SWIFT_EMIT_LOC_STRINGS = NO;
				SWIFT_VERSION = 5.0;
				TARGETED_DEVICE_FAMILY = "1,2";
				TEST_TARGET_NAME = shutoku;
			};
			name = Release;
		};
/* End XCBuildConfiguration section */

/* Begin XCConfigurationList section */
		8586C0B82FBF6F9900E659BE /* Build configuration list for PBXProject "shutoku" */ = {
			isa = XCConfigurationList;
			buildConfigurations = (
				8586C0E12FBF6F9B00E659BE /* Debug */,
				8586C0E22FBF6F9B00E659BE /* Release */,
			);
			defaultConfigurationIsVisible = 0;
			defaultConfigurationName = Release;
		};
		8586C0E32FBF6F9C00E659BE /* Build configuration list for PBXNativeTarget "shutoku" */ = {
			isa = XCConfigurationList;
			buildConfigurations = (
				8586C0E42FBF6F9C00E659BE /* Debug */,
				8586C0E52FBF6F9C00E659BE /* Release */,
			);
			defaultConfigurationIsVisible = 0;
			defaultConfigurationName = Release;
		};
		8586C0E62FBF6F9C00E659BE /* Build configuration list for PBXNativeTarget "shutokuTests" */ = {
			isa = XCConfigurationList;
			buildConfigurations = (
				8586C0E72FBF6F9C00E659BE /* Debug */,
				8586C0E82FBF6F9C00E659BE /* Release */,
			);
			defaultConfigurationIsVisible = 0;
			defaultConfigurationName = Release;
		};
		8586C0E92FBF6F9C00E659BE /* Build configuration list for PBXNativeTarget "shutokuUITests" */ = {
			isa = XCConfigurationList;
			buildConfigurations = (
				8586C0EA2FBF6F9C00E659BE /* Debug */,
				8586C0EB2FBF6F9C00E659BE /* Release */,
			);
			defaultConfigurationIsVisible = 0;
			defaultConfigurationName = Release;
		};
/* End XCConfigurationList section */

/* Begin XCRemoteSwiftPackageReference section */
		8515BF772FEBE2B20027CDFF /* XCRemoteSwiftPackageReference "SQLite" */ = {
			isa = XCRemoteSwiftPackageReference;
			repositoryURL = "https://github.com/stephencelis/SQLite.swift";
			requirement = {
				kind = upToNextMajorVersion;
				minimumVersion = 0.16.0;
			};
		};
/* End XCRemoteSwiftPackageReference section */

/* Begin XCSwiftPackageProductDependency section */
		8515BF792FEBE3320027CDFF /* SQLite */ = {
			isa = XCSwiftPackageProductDependency;
			package = 8515BF772FEBE2B20027CDFF /* XCRemoteSwiftPackageReference "SQLite" */;
			productName = SQLite;
		};
/* End XCSwiftPackageProductDependency section */
	};
	rootObject = 8586C0B52FBF6F9900E659BE /* Project object */;
}
